
Microsoft Visual Studio Solution File, Format Version 12.00
# Visual Studio 15
VisualStudioVersion = 15.0.28307.1000
MinimumVisualStudioVersion = 10.0.40219.1
Project("{FAE04EC0-301F-11D3-BF4B-00C04F79EFBC}") = "LR2MP", "LR2MP\LR2MP.csproj", "{CDAD30F4-E17E-479B-96EC-1E86911B7E00}"
EndProject
Global
	GlobalSection(SolutionConfigurationPlatforms) = preSolution
		Debug|Any CPU = Debug|Any CPU
		Release|Any CPU = Release|Any CPU
	EndGlobalSection
	GlobalSection(ProjectConfigurationPlatforms) = postSolution
		{CDAD30F4-E17E-479B-96EC-1E86911B7E00}.Debug|Any CPU.ActiveCfg = Debug|Any CPU
		{CDAD30F4-E17E-479B-96EC-1E86911B7E00}.Debug|Any CPU.Build.0 = Debug|Any CPU
		{CDAD30F4-E17E-479B-96EC-1E86911B7E00}.Release|Any CPU.ActiveCfg = Release|Any CPU
		{CDAD30F4-E17E-479B-96EC-1E86911B7E00}.Release|Any CPU.Build.0 = Release|Any CPU
	EndGlobalSection
	GlobalSection(SolutionProperties) = preSolution
		HideSolutionNode = FALSE
	EndGlobalSection
	GlobalSection(ExtensibilityGlobals) = postSolution
		SolutionGuid = {60C15044-4961-47CA-BB66-5E73B42EE4A0}
	EndGlobalSection
EndGlobal
